<Solution>
  <Project Path="DemonLord.Runtime.csproj" />
  <Project Path="DemonLord.Editor.csproj" />
  <Project Path="Assembly-CSharp-Editor.csproj" />
  <Project Path="DemonLord.EditModeTests.csproj" />
  <Project Path="Assembly-CSharp.csproj" />
  <Project Path="DemonLord.PlayModeTests.csproj" />
</Solution>
